
Microsoft Visual Studio Solution File, Format Version 12.00
# Visual Studio Version 17
VisualStudioVersion = 17.8.34511.84
MinimumVisualStudioVersion = 10.0.40219.1
Project("{FAE04EC0-301F-11D3-BF4B-00C04F79EFBC}") = "ConsoleApp1", "ConsoleApp1.csproj", "{B3730B41-CEEF-4152-9242-62B399D7F700}"
EndProject
Global
	GlobalSection(SolutionConfigurationPlatforms) = preSolution
		Debug|Any CPU = Debug|Any CPU
		Release|Any CPU = Release|Any CPU
	EndGlobalSection
	GlobalSection(ProjectConfigurationPlatforms) = postSolution
		{B3730B41-CEEF-4152-9242-62B399D7F700}.Debug|Any CPU.ActiveCfg = Debug|Any CPU
		{B3730B41-CEEF-4152-9242-62B399D7F700}.Debug|Any CPU.Build.0 = Debug|Any CPU
		{B3730B41-CEEF-4152-9242-62B399D7F700}.Release|Any CPU.ActiveCfg = Release|Any CPU
		{B3730B41-CEEF-4152-9242-62B399D7F700}.Release|Any CPU.Build.0 = Release|Any CPU
	EndGlobalSection
	GlobalSection(SolutionProperties) = preSolution
		HideSolutionNode = FALSE
	EndGlobalSection
	GlobalSection(ExtensibilityGlobals) = postSolution
		SolutionGuid = {75EF42FC-175A-4CE8-BF09-B755B44A2B13}
	EndGlobalSection
EndGlobal
